
Microsoft Visual Studio Solution File, Format Version 12.00
# Visual Studio Version 16
VisualStudioVersion = 16.0.31410.357
MinimumVisualStudioVersion = 10.0.40219.1
Project("{FAE04EC0-301F-11D3-BF4B-00C04F79EFBC}") = "CarInvoiceGeneration", "CarInvoiceGeneration\CarInvoiceGeneration.csproj", "{0C36A49C-E1C6-436F-A82B-4C48A4B0EF2B}"
EndProject
Global
	GlobalSection(SolutionConfigurationPlatforms) = preSolution
		Debug|Any CPU = Debug|Any CPU
		Release|Any CPU = Release|Any CPU
	EndGlobalSection
	GlobalSection(ProjectConfigurationPlatforms) = postSolution
		{0C36A49C-E1C6-436F-A82B-4C48A4B0EF2B}.Debug|Any CPU.ActiveCfg = Debug|Any CPU
		{0C36A49C-E1C6-436F-A82B-4C48A4B0EF2B}.Debug|Any CPU.Build.0 = Debug|Any CPU
		{0C36A49C-E1C6-436F-A82B-4C48A4B0EF2B}.Release|Any CPU.ActiveCfg = Release|Any CPU
		{0C36A49C-E1C6-436F-A82B-4C48A4B0EF2B}.Release|Any CPU.Build.0 = Release|Any CPU
	EndGlobalSection
	GlobalSection(SolutionProperties) = preSolution
		HideSolutionNode = FALSE
	EndGlobalSection
	GlobalSection(ExtensibilityGlobals) = postSolution
		SolutionGuid = {BF219046-7468-4ABA-8131-65A163394229}
	EndGlobalSection
EndGlobal
